
Microsoft Visual Studio Solution File, Format Version 12.00
# Visual Studio Version 16
VisualStudioVersion = 16.0.31727.386
MinimumVisualStudioVersion = 10.0.40219.1
Project("{8BC9CEB8-8B4A-11D0-8D11-00A0C91BC942}") = "Matala1_B1", "Matala1_B1.vcxproj", "{5504FA53-49E2-4559-AF8A-D977AC9F8E00}"
EndProject
Global
	GlobalSection(SolutionConfigurationPlatforms) = preSolution
		Debug|x64 = Debug|x64
		Debug|x86 = Debug|x86
		Release|x64 = Release|x64
		Release|x86 = Release|x86
	EndGlobalSection
	GlobalSection(ProjectConfigurationPlatforms) = postSolution
		{5504FA53-49E2-4559-AF8A-D977AC9F8E00}.Debug|x64.ActiveCfg = Debug|x64
		{5504FA53-49E2-4559-AF8A-D977AC9F8E00}.Debug|x64.Build.0 = Debug|x64
		{5504FA53-49E2-4559-AF8A-D977AC9F8E00}.Debug|x86.ActiveCfg = Debug|Win32
		{5504FA53-49E2-4559-AF8A-D977AC9F8E00}.Debug|x86.Build.0 = Debug|Win32
		{5504FA53-49E2-4559-AF8A-D977AC9F8E00}.Release|x64.ActiveCfg = Release|x64
		{5504FA53-49E2-4559-AF8A-D977AC9F8E00}.Release|x64.Build.0 = Release|x64
		{5504FA53-49E2-4559-AF8A-D977AC9F8E00}.Release|x86.ActiveCfg = Release|Win32
		{5504FA53-49E2-4559-AF8A-D977AC9F8E00}.Release|x86.Build.0 = Release|Win32
	EndGlobalSection
	GlobalSection(SolutionProperties) = preSolution
		HideSolutionNode = FALSE
	EndGlobalSection
	GlobalSection(ExtensibilityGlobals) = postSolution
		SolutionGuid = {7EEC469B-F855-49DD-84AC-F4AA14855822}
	EndGlobalSection
EndGlobal
